
Microsoft Visual Studio Solution File, Format Version 12.00
# Visual Studio Version 16
VisualStudioVersion = 16.0.29418.71
MinimumVisualStudioVersion = 10.0.40219.1
Project("{8BC9CEB8-8B4A-11D0-8D11-00A0C91BC942}") = "leekou1031", "leekou1031\leekou1031.vcxproj", "{E0C463F1-4FC4-4150-8CDF-FFE14ACBFD2A}"
EndProject
Global
	GlobalSection(SolutionConfigurationPlatforms) = preSolution
		Debug|x64 = Debug|x64
		Debug|x86 = Debug|x86
		Release|x64 = Release|x64
		Release|x86 = Release|x86
	EndGlobalSection
	GlobalSection(ProjectConfigurationPlatforms) = postSolution
		{E0C463F1-4FC4-4150-8CDF-FFE14ACBFD2A}.Debug|x64.ActiveCfg = Debug|x64
		{E0C463F1-4FC4-4150-8CDF-FFE14ACBFD2A}.Debug|x64.Build.0 = Debug|x64
		{E0C463F1-4FC4-4150-8CDF-FFE14ACBFD2A}.Debug|x86.ActiveCfg = Debug|Win32
		{E0C463F1-4FC4-4150-8CDF-FFE14ACBFD2A}.Debug|x86.Build.0 = Debug|Win32
		{E0C463F1-4FC4-4150-8CDF-FFE14ACBFD2A}.Release|x64.ActiveCfg = Release|x64
		{E0C463F1-4FC4-4150-8CDF-FFE14ACBFD2A}.Release|x64.Build.0 = Release|x64
		{E0C463F1-4FC4-4150-8CDF-FFE14ACBFD2A}.Release|x86.ActiveCfg = Release|Win32
		{E0C463F1-4FC4-4150-8CDF-FFE14ACBFD2A}.Release|x86.Build.0 = Release|Win32
	EndGlobalSection
	GlobalSection(SolutionProperties) = preSolution
		HideSolutionNode = FALSE
	EndGlobalSection
	GlobalSection(ExtensibilityGlobals) = postSolution
		SolutionGuid = {2EDE9544-AE1D-4356-A63E-03CAF4D89698}
	EndGlobalSection
EndGlobal
