
Microsoft Visual Studio Solution File, Format Version 12.00
# Visual Studio 2012
Project("{8BC9CEB8-8B4A-11D0-8D11-00A0C91BC942}") = "20191002", "20191002\20191002.vcxproj", "{2C75DE0D-FB26-41A0-BE65-4F562C7A3BAD}"
EndProject
Global
	GlobalSection(SolutionConfigurationPlatforms) = preSolution
		Debug|Win32 = Debug|Win32
		Release|Win32 = Release|Win32
	EndGlobalSection
	GlobalSection(ProjectConfigurationPlatforms) = postSolution
		{2C75DE0D-FB26-41A0-BE65-4F562C7A3BAD}.Debug|Win32.ActiveCfg = Debug|Win32
		{2C75DE0D-FB26-41A0-BE65-4F562C7A3BAD}.Debug|Win32.Build.0 = Debug|Win32
		{2C75DE0D-FB26-41A0-BE65-4F562C7A3BAD}.Release|Win32.ActiveCfg = Release|Win32
		{2C75DE0D-FB26-41A0-BE65-4F562C7A3BAD}.Release|Win32.Build.0 = Release|Win32
	EndGlobalSection
	GlobalSection(SolutionProperties) = preSolution
		HideSolutionNode = FALSE
	EndGlobalSection
EndGlobal
