
Microsoft Visual Studio Solution File, Format Version 12.00
# Visual Studio Version 16
VisualStudioVersion = 16.0.29503.13
MinimumVisualStudioVersion = 10.0.40219.1
Project("{8BC9CEB8-8B4A-11D0-8D11-00A0C91BC942}") = "qsort3", "qsort3.vcxproj", "{AE574E2B-6B69-43C2-96E9-BE6EB2894015}"
EndProject
Project("{8BC9CEB8-8B4A-11D0-8D11-00A0C91BC942}") = "deleteAllSame", "..\deleteAllSame\deleteAllSame.vcxproj", "{E0ECC89B-B16C-48AE-AD6C-D06B42215FC8}"
EndProject
Global
	GlobalSection(SolutionConfigurationPlatforms) = preSolution
		Debug|x64 = Debug|x64
		Debug|x86 = Debug|x86
		Release|x64 = Release|x64
		Release|x86 = Release|x86
	EndGlobalSection
	GlobalSection(ProjectConfigurationPlatforms) = postSolution
		{AE574E2B-6B69-43C2-96E9-BE6EB2894015}.Debug|x64.ActiveCfg = Debug|x64
		{AE574E2B-6B69-43C2-96E9-BE6EB2894015}.Debug|x64.Build.0 = Debug|x64
		{AE574E2B-6B69-43C2-96E9-BE6EB2894015}.Debug|x86.ActiveCfg = Debug|Win32
		{AE574E2B-6B69-43C2-96E9-BE6EB2894015}.Debug|x86.Build.0 = Debug|Win32
		{AE574E2B-6B69-43C2-96E9-BE6EB2894015}.Release|x64.ActiveCfg = Release|x64
		{AE574E2B-6B69-43C2-96E9-BE6EB2894015}.Release|x64.Build.0 = Release|x64
		{AE574E2B-6B69-43C2-96E9-BE6EB2894015}.Release|x86.ActiveCfg = Release|Win32
		{AE574E2B-6B69-43C2-96E9-BE6EB2894015}.Release|x86.Build.0 = Release|Win32
		{E0ECC89B-B16C-48AE-AD6C-D06B42215FC8}.Debug|x64.ActiveCfg = Debug|x64
		{E0ECC89B-B16C-48AE-AD6C-D06B42215FC8}.Debug|x64.Build.0 = Debug|x64
		{E0ECC89B-B16C-48AE-AD6C-D06B42215FC8}.Debug|x86.ActiveCfg = Debug|Win32
		{E0ECC89B-B16C-48AE-AD6C-D06B42215FC8}.Debug|x86.Build.0 = Debug|Win32
		{E0ECC89B-B16C-48AE-AD6C-D06B42215FC8}.Release|x64.ActiveCfg = Release|x64
		{E0ECC89B-B16C-48AE-AD6C-D06B42215FC8}.Release|x64.Build.0 = Release|x64
		{E0ECC89B-B16C-48AE-AD6C-D06B42215FC8}.Release|x86.ActiveCfg = Release|Win32
		{E0ECC89B-B16C-48AE-AD6C-D06B42215FC8}.Release|x86.Build.0 = Release|Win32
	EndGlobalSection
	GlobalSection(SolutionProperties) = preSolution
		HideSolutionNode = FALSE
	EndGlobalSection
	GlobalSection(ExtensibilityGlobals) = postSolution
		SolutionGuid = {CE2E1235-0FD7-44E9-888D-84B67642DB25}
	EndGlobalSection
EndGlobal
